
Microsoft Visual Studio Solution File, Format Version 12.00
# Visual Studio Version 17
VisualStudioVersion = 17.5.33530.505
MinimumVisualStudioVersion = 10.0.40219.1
Project("{FAE04EC0-301F-11D3-BF4B-00C04F79EFBC}") = "CofTeaPOSSystem", "CofTeaPOSSystem\CofTeaPOSSystem.csproj", "{1FE99D10-8500-4778-A537-653EE3D4DD8C}"
EndProject
Global
	GlobalSection(SolutionConfigurationPlatforms) = preSolution
		Debug|Any CPU = Debug|Any CPU
		Release|Any CPU = Release|Any CPU
	EndGlobalSection
	GlobalSection(ProjectConfigurationPlatforms) = postSolution
		{1FE99D10-8500-4778-A537-653EE3D4DD8C}.Debug|Any CPU.ActiveCfg = Debug|Any CPU
		{1FE99D10-8500-4778-A537-653EE3D4DD8C}.Debug|Any CPU.Build.0 = Debug|Any CPU
		{1FE99D10-8500-4778-A537-653EE3D4DD8C}.Release|Any CPU.ActiveCfg = Release|Any CPU
		{1FE99D10-8500-4778-A537-653EE3D4DD8C}.Release|Any CPU.Build.0 = Release|Any CPU
	EndGlobalSection
	GlobalSection(SolutionProperties) = preSolution
		HideSolutionNode = FALSE
	EndGlobalSection
	GlobalSection(ExtensibilityGlobals) = postSolution
		SolutionGuid = {EB3C7782-CE17-41AE-B3BC-C10160AB7CE5}
	EndGlobalSection
EndGlobal
